{
  "version": "2",
  "remote": {
    "https://deno.land/std@0.174.0/fmt/colors.ts": "938c5d44d889fb82eff6c358bea8baa7e85950a16c9f6dae3ec3a7a729164471",
    "https://deno.land/std@0.174.0/testing/_diff.ts": "1a3c044aedf77647d6cac86b798c6417603361b66b54c53331b312caeb447aea",
    "https://deno.land/std@0.174.0/testing/_format.ts": "a69126e8a469009adf4cf2a50af889aca364c349797e63174884a52ff75cf4c7",
    "https://deno.land/std@0.174.0/testing/asserts.ts": "984ab0bfb3faeed92ffaa3a6b06536c66811185328c5dd146257c702c41b01ab",
    "https://deno.land/std@0.175.0/_util/asserts.ts": "178dfc49a464aee693a7e285567b3d0b555dc805ff490505a8aae34f9cfb1462",
    "https://deno.land/std@0.175.0/_util/os.ts": "d932f56d41e4f6a6093d56044e29ce637f8dcc43c5a90af43504a889cf1775e3",
    "https://deno.land/std@0.175.0/encoding/base64.ts": "7de04c2f8aeeb41453b09b186480be90f2ff357613b988e99fabb91d2eeceba1",
    "https://deno.land/std@0.175.0/fs/_util.ts": "65381f341af1ff7f40198cee15c20f59951ac26e51ddc651c5293e24f9ce6f32",
    "https://deno.land/std@0.175.0/fs/walk.ts": "ea95ffa6500c1eda6b365be488c056edc7c883a1db41ef46ec3bf057b1c0fe32",
    "https://deno.land/std@0.175.0/path/_constants.ts": "e49961f6f4f48039c0dfed3c3f93e963ca3d92791c9d478ac5b43183413136e0",
    "https://deno.land/std@0.175.0/path/_interface.ts": "6471159dfbbc357e03882c2266d21ef9afdb1e4aa771b0545e90db58a0ba314b",
    "https://deno.land/std@0.175.0/path/_util.ts": "d7abb1e0dea065f427b89156e28cdeb32b045870acdf865833ba808a73b576d0",
    "https://deno.land/std@0.175.0/path/common.ts": "ee7505ab01fd22de3963b64e46cff31f40de34f9f8de1fff6a1bd2fe79380000",
    "https://deno.land/std@0.175.0/path/glob.ts": "d479e0a695621c94d3fd7fe7abd4f9499caf32a8de13f25073451c6ef420a4e1",
    "https://deno.land/std@0.175.0/path/mod.ts": "4b83694ac500d7d31b0cdafc927080a53dc0c3027eb2895790fb155082b0d232",
    "https://deno.land/std@0.175.0/path/posix.ts": "8b7c67ac338714b30c816079303d0285dd24af6b284f7ad63da5b27372a2c94d",
    "https://deno.land/std@0.175.0/path/separator.ts": "0fb679739d0d1d7bf45b68dacfb4ec7563597a902edbaf3c59b50d5bcadd93b1",
    "https://deno.land/std@0.175.0/path/win32.ts": "d186344e5583bcbf8b18af416d13d82b35a317116e6460a5a3953508c3de5bba",
    "https://deno.land/std@0.36.0/fmt/colors.ts": "68cf848a8d5dae5c1a9d6ca91979a6dfe14eb50aea41beeba4e21fee8c79179b",
    "https://deno.land/std@0.36.0/fs/walk.ts": "ed71162650aba2c945ab1a3ac0ee4e2a58d5ab7b91d6c3f25b4db5d99e9cce93",
    "https://deno.land/std@0.36.0/path/constants.ts": "12cf7252761aa5a5747ef62b6b8c03752af7a9a8ba57439cfd217dfea52b3c87",
    "https://deno.land/std@0.36.0/path/glob.ts": "6537e3dda7e4ac1d6891ad5936e66d2da50bab3ba117e9fe8121795731b08667",
    "https://deno.land/std@0.36.0/path/globrex.ts": "602e373fd324aff03c39f798c26653ddc1baf8208d5b29f1a6f459a9946f8b32",
    "https://deno.land/std@0.36.0/path/interface.ts": "89f6e68b0e3bba1401a740c8d688290957de028ed86f95eafe76fe93790ae450",
    "https://deno.land/std@0.36.0/path/mod.ts": "1a35ec5a362b558e8524d3a143de0da4c412c4ea21ca0431201ff1a785390566",
    "https://deno.land/std@0.36.0/path/posix.ts": "4b9f1cd0ec3fa6e860da2a4f0af1e7b5c84cbac9addc89dd8f51001dae8e4f85",
    "https://deno.land/std@0.36.0/path/utils.ts": "87ca90f967e790ad52bac6a196c3ff180dfb4a18ed202b7fa4ad71d59d69736f",
    "https://deno.land/std@0.36.0/path/win32.ts": "419864635ac98ca182322f442064a8946bf7dbbaccab188e63496c8ccf2d184b",
    "https://deno.land/std@0.36.0/testing/asserts.ts": "ebe316a30df82b43bdf8ec5ec9c253b4c66926cd4a067e5238cc43e7c8eb2c69",
    "https://deno.land/std@0.36.0/testing/diff.ts": "1d6718069f500074877461e0f9fb791765999df13014c163cf303af3aa054c59",
    "https://deno.land/std@0.36.0/testing/format.ts": "2c925c9d5a6e7c40e8a4e0999a0bf64252375e2441cc4be43872a97a66464e1a",
    "https://deno.land/x/deno_dom@v0.1.36-alpha/build/deno-wasm/deno-wasm.js": "3fa41dba4813e6d4b024a53a146b76e1afcbdf218fc02063442378c61239ed14",
    "https://deno.land/x/deno_dom@v0.1.36-alpha/deno-dom-wasm.ts": "bfd999a493a6974e9fca4d331bee03bfb68cfc600c662cd0b48b21d67a2a8ba0",
    "https://deno.land/x/deno_dom@v0.1.36-alpha/src/api.ts": "0ff5790f0a3eeecb4e00b7d8fbfa319b165962cf6d0182a65ba90f158d74f7d7",
    "https://deno.land/x/deno_dom@v0.1.36-alpha/src/constructor-lock.ts": "59714df7e0571ec7bd338903b1f396202771a6d4d7f55a452936bd0de9deb186",
    "https://deno.land/x/deno_dom@v0.1.36-alpha/src/deserialize.ts": "f4d34514ca00473ca428b69ad437ba345925744b5d791cb9552e2d7a0e7b0439",
    "https://deno.land/x/deno_dom@v0.1.36-alpha/src/dom/document-fragment.ts": "a40c6e18dd0efcf749a31552c1c9a6f7fa614452245e86ee38fc92ba0235e5ae",
    "https://deno.land/x/deno_dom@v0.1.36-alpha/src/dom/document.ts": "b8f4e4ccabaaa063d6562a0f2f8dea9c0419515d63d8bd79bfde95f7cd64bd93",
    "https://deno.land/x/deno_dom@v0.1.36-alpha/src/dom/dom-parser.ts": "609097b426f8c2358f3e5d2bca55ed026cf26cdf86562e94130dfdb0f2537f92",
    "https://deno.land/x/deno_dom@v0.1.36-alpha/src/dom/element.ts": "4a267c24d0e20b70741a14ab371a7511a4f3db682d3a1d229adaa66a46445fff",
    "https://deno.land/x/deno_dom@v0.1.36-alpha/src/dom/elements/html-template-element.ts": "19ad97c55222115e8daaca2788b9c98cc31a7f9d2547ed5bca0c56a4a12bfec8",
    "https://deno.land/x/deno_dom@v0.1.36-alpha/src/dom/html-collection.ts": "ae90197f5270c32074926ad6cf30ee07d274d44596c7e413c354880cebce8565",
    "https://deno.land/x/deno_dom@v0.1.36-alpha/src/dom/node-list.ts": "4c6e4b4585301d4147addaccd90cb5f5a80e8d6290a1ba7058c5e3dfea16e15d",
    "https://deno.land/x/deno_dom@v0.1.36-alpha/src/dom/node.ts": "3069e6fc93ac4111a136ed68199d76673339842b9751610ba06f111ba7dc10a7",
    "https://deno.land/x/deno_dom@v0.1.36-alpha/src/dom/selectors/custom-api.ts": "852696bd58e534bc41bd3be9e2250b60b67cd95fd28ed16b1deff1d548531a71",
    "https://deno.land/x/deno_dom@v0.1.36-alpha/src/dom/selectors/nwsapi-types.ts": "c43b36c36acc5d32caabaa54fda8c9d239b2b0fcbce9a28efb93c84aa1021698",
    "https://deno.land/x/deno_dom@v0.1.36-alpha/src/dom/selectors/nwsapi.js": "985d7d8fc1eabbb88946b47a1c44c1b2d4aa79ff23c21424219f1528fa27a2ff",
    "https://deno.land/x/deno_dom@v0.1.36-alpha/src/dom/selectors/selectors.ts": "83eab57be2290fb48e3130533448c93c6c61239f2a2f3b85f1917f80ca0fdc75",
    "https://deno.land/x/deno_dom@v0.1.36-alpha/src/dom/selectors/sizzle-types.ts": "78149e2502409989ce861ed636b813b059e16bc267bb543e7c2b26ef43e4798b",
    "https://deno.land/x/deno_dom@v0.1.36-alpha/src/dom/selectors/sizzle.js": "c3aed60c1045a106d8e546ac2f85cc82e65f62d9af2f8f515210b9212286682a",
    "https://deno.land/x/deno_dom@v0.1.36-alpha/src/dom/utils-types.ts": "96db30e3e4a75b194201bb9fa30988215da7f91b380fca6a5143e51ece2a8436",
    "https://deno.land/x/deno_dom@v0.1.36-alpha/src/dom/utils.ts": "ecd889ba74f3ce282620d8ca1d4d5e0365e6cc86101d2352f3bbf936ae496e2c",
    "https://deno.land/x/deno_dom@v0.1.36-alpha/src/parser.ts": "b65eb7e673fa7ca611de871de109655f0aa9fa35ddc1de73df1a5fc2baafc332",
    "https://deno.land/x/minifier@v1.1.1/mod.ts": "f911c7e17079a31709dd4041207a48b3c6df50961d8687029681776f98005b89",
    "https://deno.land/x/minifier@v1.1.1/wasm.js": "3226ccb35a4fcf31362cc50b5ea2e1276aaae01d116dc090f38ee8169e015ebc",
    "https://esm.sh/prismjs@1.29.0/plugins/keep-markup/prism-keep-markup.js": "27262a7a154a78f72a695afe7e9859a84c790b91c547cf2efa35063cac20ebdf",
    "https://esm.sh/v103/@types/prismjs@1.26.0/index.d.ts": "6484309596f594ae824513336bd2a2e04a1902b06bb149fa904f5cae5fbe5c50",
    "https://esm.sh/v103/@types/prismjs@1.26.0/plugins/keep-markup/prism-keep-markup~.d.ts": "854cdc32752c20a63ea380b17a93c803d6d1e06fa939fdc231732a7b35e8a906",
    "https://esm.sh/v103/prismjs@1.29.0": "818e3d3d859fb60fdd99016531bd4d1eda8632acba735fa792d853e2f6987740",
    "https://esm.sh/v103/prismjs@1.29.0/deno/plugins/keep-markup/prism-keep-markup.js": "6b2e4ee7f3934d5329585824c9ad2d61a97f766cfc795913201123af88d5dee0",
    "https://esm.sh/v103/prismjs@1.29.0/deno/prismjs.js": "930ca01aa4fe108f2aa4cfe9d151157df4d06ea120d2271a7ce0cc6e6f148193",
    "https://esm.sh/v106/prismjs@1.29.0/es2022/plugins/keep-markup/prism-keep-markup.js": "e3b0c44298fc1c149afbf4c8996fb92427ae41e4649b934ca495991b7852b855"
  },
  "npm": {
    "specifiers": {
      "prismjs": "prismjs@1.29.0",
      "tape": "tape@5.6.3"
    },
    "packages": {
      "array.prototype.every@1.1.4": {
        "integrity": "sha512-Aui35iRZk1HHLRAyF7QP0KAnOnduaQ6fo6k1NVWfRc0xTs2AZ70ytlXvOmkC6Di4JmUs2Wv3DYzGtCQFSk5uGg==",
        "dependencies": {
          "call-bind": "call-bind@1.0.2",
          "define-properties": "define-properties@1.1.4",
          "es-abstract": "es-abstract@1.21.1",
          "is-string": "is-string@1.0.7"
        }
      },
      "available-typed-arrays@1.0.5": {
        "integrity": "sha512-DMD0KiN46eipeziST1LPP/STfDU0sufISXmjSgvVsoU2tqxctQeASejWcfNtxYKqETM1UxQ8sp2OrSBWpHY6sw==",
        "dependencies": {}
      },
      "balanced-match@1.0.2": {
        "integrity": "sha512-3oSeUO0TMV67hN1AmbXsK4yaqU7tjiHlbxRDZOpH0KW9+CeX4bRAaX0Anxt0tx2MrpRpWwQaPwIlISEJhYU5Pw==",
        "dependencies": {}
      },
      "brace-expansion@1.1.11": {
        "integrity": "sha512-iCuPHDFgrHX7H2vEI/5xpz07zSHB00TpugqhmYtVmMO6518mCuRMoOYFldEBl0g187ufozdaHgWKcYFb61qGiA==",
        "dependencies": {
          "balanced-match": "balanced-match@1.0.2",
          "concat-map": "concat-map@0.0.1"
        }
      },
      "call-bind@1.0.2": {
        "integrity": "sha512-7O+FbCihrB5WGbFYesctwmTKae6rOiIzmz1icreWJ+0aA7LJfuqhEso2T9ncpcFtzMQtzXf2QGGueWJGTYsqrA==",
        "dependencies": {
          "function-bind": "function-bind@1.1.1",
          "get-intrinsic": "get-intrinsic@1.2.0"
        }
      },
      "concat-map@0.0.1": {
        "integrity": "sha512-/Srv4dswyQNBfohGpz9o6Yb3Gz3SrUDqBH5rTuhGR7ahtlbYKnVxw2bCFMRljaA7EXHaXZ8wsHdodFvbkhKmqg==",
        "dependencies": {}
      },
      "deep-equal@2.2.0": {
        "integrity": "sha512-RdpzE0Hv4lhowpIUKKMJfeH6C1pXdtT1/it80ubgWqwI3qpuxUBpC1S4hnHg+zjnuOoDkzUtUCEEkG+XG5l3Mw==",
        "dependencies": {
          "call-bind": "call-bind@1.0.2",
          "es-get-iterator": "es-get-iterator@1.1.3",
          "get-intrinsic": "get-intrinsic@1.2.0",
          "is-arguments": "is-arguments@1.1.1",
          "is-array-buffer": "is-array-buffer@3.0.1",
          "is-date-object": "is-date-object@1.0.5",
          "is-regex": "is-regex@1.1.4",
          "is-shared-array-buffer": "is-shared-array-buffer@1.0.2",
          "isarray": "isarray@2.0.5",
          "object-is": "object-is@1.1.5",
          "object-keys": "object-keys@1.1.1",
          "object.assign": "object.assign@4.1.4",
          "regexp.prototype.flags": "regexp.prototype.flags@1.4.3",
          "side-channel": "side-channel@1.0.4",
          "which-boxed-primitive": "which-boxed-primitive@1.0.2",
          "which-collection": "which-collection@1.0.1",
          "which-typed-array": "which-typed-array@1.1.9"
        }
      },
      "define-properties@1.1.4": {
        "integrity": "sha512-uckOqKcfaVvtBdsVkdPv3XjveQJsNQqmhXgRi8uhvWWuPYZCNlzT8qAyblUgNoXdHdjMTzAqeGjAoli8f+bzPA==",
        "dependencies": {
          "has-property-descriptors": "has-property-descriptors@1.0.0",
          "object-keys": "object-keys@1.1.1"
        }
      },
      "defined@1.0.1": {
        "integrity": "sha512-hsBd2qSVCRE+5PmNdHt1uzyrFu5d3RwmFDKzyNZMFq/EwDNJF7Ee5+D5oEKF0hU6LhtoUF1macFvOe4AskQC1Q==",
        "dependencies": {}
      },
      "dotignore@0.1.2": {
        "integrity": "sha512-UGGGWfSauusaVJC+8fgV+NVvBXkCTmVv7sk6nojDZZvuOUNGUy0Zk4UpHQD6EDjS0jpBwcACvH4eofvyzBcRDw==",
        "dependencies": {
          "minimatch": "minimatch@3.1.2"
        }
      },
      "es-abstract@1.21.1": {
        "integrity": "sha512-QudMsPOz86xYz/1dG1OuGBKOELjCh99IIWHLzy5znUB6j8xG2yMA7bfTV86VSqKF+Y/H08vQPR+9jyXpuC6hfg==",
        "dependencies": {
          "available-typed-arrays": "available-typed-arrays@1.0.5",
          "call-bind": "call-bind@1.0.2",
          "es-set-tostringtag": "es-set-tostringtag@2.0.1",
          "es-to-primitive": "es-to-primitive@1.2.1",
          "function-bind": "function-bind@1.1.1",
          "function.prototype.name": "function.prototype.name@1.1.5",
          "get-intrinsic": "get-intrinsic@1.2.0",
          "get-symbol-description": "get-symbol-description@1.0.0",
          "globalthis": "globalthis@1.0.3",
          "gopd": "gopd@1.0.1",
          "has": "has@1.0.3",
          "has-property-descriptors": "has-property-descriptors@1.0.0",
          "has-proto": "has-proto@1.0.1",
          "has-symbols": "has-symbols@1.0.3",
          "internal-slot": "internal-slot@1.0.4",
          "is-array-buffer": "is-array-buffer@3.0.1",
          "is-callable": "is-callable@1.2.7",
          "is-negative-zero": "is-negative-zero@2.0.2",
          "is-regex": "is-regex@1.1.4",
          "is-shared-array-buffer": "is-shared-array-buffer@1.0.2",
          "is-string": "is-string@1.0.7",
          "is-typed-array": "is-typed-array@1.1.10",
          "is-weakref": "is-weakref@1.0.2",
          "object-inspect": "object-inspect@1.12.3",
          "object-keys": "object-keys@1.1.1",
          "object.assign": "object.assign@4.1.4",
          "regexp.prototype.flags": "regexp.prototype.flags@1.4.3",
          "safe-regex-test": "safe-regex-test@1.0.0",
          "string.prototype.trimend": "string.prototype.trimend@1.0.6",
          "string.prototype.trimstart": "string.prototype.trimstart@1.0.6",
          "typed-array-length": "typed-array-length@1.0.4",
          "unbox-primitive": "unbox-primitive@1.0.2",
          "which-typed-array": "which-typed-array@1.1.9"
        }
      },
      "es-get-iterator@1.1.3": {
        "integrity": "sha512-sPZmqHBe6JIiTfN5q2pEi//TwxmAFHwj/XEuYjTuse78i8KxaqMTTzxPoFKuzRpDpTJ+0NAbpfenkmH2rePtuw==",
        "dependencies": {
          "call-bind": "call-bind@1.0.2",
          "get-intrinsic": "get-intrinsic@1.2.0",
          "has-symbols": "has-symbols@1.0.3",
          "is-arguments": "is-arguments@1.1.1",
          "is-map": "is-map@2.0.2",
          "is-set": "is-set@2.0.2",
          "is-string": "is-string@1.0.7",
          "isarray": "isarray@2.0.5",
          "stop-iteration-iterator": "stop-iteration-iterator@1.0.0"
        }
      },
      "es-set-tostringtag@2.0.1": {
        "integrity": "sha512-g3OMbtlwY3QewlqAiMLI47KywjWZoEytKr8pf6iTC8uJq5bIAH52Z9pnQ8pVL6whrCto53JZDuUIsifGeLorTg==",
        "dependencies": {
          "get-intrinsic": "get-intrinsic@1.2.0",
          "has": "has@1.0.3",
          "has-tostringtag": "has-tostringtag@1.0.0"
        }
      },
      "es-to-primitive@1.2.1": {
        "integrity": "sha512-QCOllgZJtaUo9miYBcLChTUaHNjJF3PYs1VidD7AwiEj1kYxKeQTctLAezAOH5ZKRH0g2IgPn6KwB4IT8iRpvA==",
        "dependencies": {
          "is-callable": "is-callable@1.2.7",
          "is-date-object": "is-date-object@1.0.5",
          "is-symbol": "is-symbol@1.0.4"
        }
      },
      "for-each@0.3.3": {
        "integrity": "sha512-jqYfLp7mo9vIyQf8ykW2v7A+2N4QjeCeI5+Dz9XraiO1ign81wjiH7Fb9vSOWvQfNtmSa4H2RoQTrrXivdUZmw==",
        "dependencies": {
          "is-callable": "is-callable@1.2.7"
        }
      },
      "fs.realpath@1.0.0": {
        "integrity": "sha512-OO0pH2lK6a0hZnAdau5ItzHPI6pUlvI7jMVnxUQRtw4owF2wk8lOSabtGDCTP4Ggrg2MbGnWO9X8K1t4+fGMDw==",
        "dependencies": {}
      },
      "function-bind@1.1.1": {
        "integrity": "sha512-yIovAzMX49sF8Yl58fSCWJ5svSLuaibPxXQJFLmBObTuCr0Mf1KiPopGM9NiFjiYBCbfaa2Fh6breQ6ANVTI0A==",
        "dependencies": {}
      },
      "function.prototype.name@1.1.5": {
        "integrity": "sha512-uN7m/BzVKQnCUF/iW8jYea67v++2u7m5UgENbHRtdDVclOUP+FMPlCNdmk0h/ysGyo2tavMJEDqJAkJdRa1vMA==",
        "dependencies": {
          "call-bind": "call-bind@1.0.2",
          "define-properties": "define-properties@1.1.4",
          "es-abstract": "es-abstract@1.21.1",
          "functions-have-names": "functions-have-names@1.2.3"
        }
      },
      "functions-have-names@1.2.3": {
        "integrity": "sha512-xckBUXyTIqT97tq2x2AMb+g163b5JFysYk0x4qxNFwbfQkmNZoiRHb6sPzI9/QV33WeuvVYBUIiD4NzNIyqaRQ==",
        "dependencies": {}
      },
      "get-intrinsic@1.2.0": {
        "integrity": "sha512-L049y6nFOuom5wGyRc3/gdTLO94dySVKRACj1RmJZBQXlbTMhtNIgkWkUHq+jYmZvKf14EW1EoJnnjbmoHij0Q==",
        "dependencies": {
          "function-bind": "function-bind@1.1.1",
          "has": "has@1.0.3",
          "has-symbols": "has-symbols@1.0.3"
        }
      },
      "get-package-type@0.1.0": {
        "integrity": "sha512-pjzuKtY64GYfWizNAJ0fr9VqttZkNiK2iS430LtIHzjBEr6bX8Am2zm4sW4Ro5wjWW5cAlRL1qAMTcXbjNAO2Q==",
        "dependencies": {}
      },
      "get-symbol-description@1.0.0": {
        "integrity": "sha512-2EmdH1YvIQiZpltCNgkuiUnyukzxM/R6NDJX31Ke3BG1Nq5b0S2PhX59UKi9vZpPDQVdqn+1IcaAwnzTT5vCjw==",
        "dependencies": {
          "call-bind": "call-bind@1.0.2",
          "get-intrinsic": "get-intrinsic@1.2.0"
        }
      },
      "glob@7.2.3": {
        "integrity": "sha512-nFR0zLpU2YCaRxwoCJvL6UvCH2JFyFVIvwTLsIf21AuHlMskA1hhTdk+LlYJtOlYt9v6dvszD2BGRqBL+iQK9Q==",
        "dependencies": {
          "fs.realpath": "fs.realpath@1.0.0",
          "inflight": "inflight@1.0.6",
          "inherits": "inherits@2.0.4",
          "minimatch": "minimatch@3.1.2",
          "once": "once@1.4.0",
          "path-is-absolute": "path-is-absolute@1.0.1"
        }
      },
      "globalthis@1.0.3": {
        "integrity": "sha512-sFdI5LyBiNTHjRd7cGPWapiHWMOXKyuBNX/cWJ3NfzrZQVa8GI/8cofCl74AOVqq9W5kNmguTIzJ/1s2gyI9wA==",
        "dependencies": {
          "define-properties": "define-properties@1.1.4"
        }
      },
      "gopd@1.0.1": {
        "integrity": "sha512-d65bNlIadxvpb/A2abVdlqKqV563juRnZ1Wtk6s1sIR8uNsXR70xqIzVqxVf1eTqDunwT2MkczEeaezCKTZhwA==",
        "dependencies": {
          "get-intrinsic": "get-intrinsic@1.2.0"
        }
      },
      "has-bigints@1.0.2": {
        "integrity": "sha512-tSvCKtBr9lkF0Ex0aQiP9N+OpV4zi2r/Nee5VkRDbaqv35RLYMzbwQfFSZZH0kR+Rd6302UJZ2p/bJCEoR3VoQ==",
        "dependencies": {}
      },
      "has-dynamic-import@2.0.1": {
        "integrity": "sha512-X3fbtsZmwb6W7fJGR9o7x65fZoodygCrZ3TVycvghP62yYQfS0t4RS0Qcz+j5tQYUKeSWS09tHkWW6WhFV3XhQ==",
        "dependencies": {
          "call-bind": "call-bind@1.0.2",
          "get-intrinsic": "get-intrinsic@1.2.0"
        }
      },
      "has-property-descriptors@1.0.0": {
        "integrity": "sha512-62DVLZGoiEBDHQyqG4w9xCuZ7eJEwNmJRWw2VY84Oedb7WFcA27fiEVe8oUQx9hAUJ4ekurquucTGwsyO1XGdQ==",
        "dependencies": {
          "get-intrinsic": "get-intrinsic@1.2.0"
        }
      },
      "has-proto@1.0.1": {
        "integrity": "sha512-7qE+iP+O+bgF9clE5+UoBFzE65mlBiVj3tKCrlNQ0Ogwm0BjpT/gK4SlLYDMybDh5I3TCTKnPPa0oMG7JDYrhg==",
        "dependencies": {}
      },
      "has-symbols@1.0.3": {
        "integrity": "sha512-l3LCuF6MgDNwTDKkdYGEihYjt5pRPbEg46rtlmnSPlUbgmB8LOIrKJbYYFBSbnPaJexMKtiPO8hmeRjRz2Td+A==",
        "dependencies": {}
      },
      "has-tostringtag@1.0.0": {
        "integrity": "sha512-kFjcSNhnlGV1kyoGk7OXKSawH5JOb/LzUc5w9B02hOTO0dfFRjbHQKvg1d6cf3HbeUmtU9VbbV3qzZ2Teh97WQ==",
        "dependencies": {
          "has-symbols": "has-symbols@1.0.3"
        }
      },
      "has@1.0.3": {
        "integrity": "sha512-f2dvO0VU6Oej7RkWJGrehjbzMAjFp5/VKPp5tTpWIV4JHHZK1/BxbFRtf/siA2SWTe09caDmVtYYzWEIbBS4zw==",
        "dependencies": {
          "function-bind": "function-bind@1.1.1"
        }
      },
      "inflight@1.0.6": {
        "integrity": "sha512-k92I/b08q4wvFscXCLvqfsHCrjrF7yiXsQuIVvVE7N82W3+aqpzuUdBbfhWcy/FZR3/4IgflMgKLOsvPDrGCJA==",
        "dependencies": {
          "once": "once@1.4.0",
          "wrappy": "wrappy@1.0.2"
        }
      },
      "inherits@2.0.4": {
        "integrity": "sha512-k/vGaX4/Yla3WzyMCvTQOXYeIHvqOKtnqBduzTHpzpQZzAskKMhZ2K+EnBiSM9zGSoIFeMpXKxa4dYeZIQqewQ==",
        "dependencies": {}
      },
      "internal-slot@1.0.4": {
        "integrity": "sha512-tA8URYccNzMo94s5MQZgH8NB/XTa6HsOo0MLfXTKKEnHVVdegzaQoFZ7Jp44bdvLvY2waT5dc+j5ICEswhi7UQ==",
        "dependencies": {
          "get-intrinsic": "get-intrinsic@1.2.0",
          "has": "has@1.0.3",
          "side-channel": "side-channel@1.0.4"
        }
      },
      "is-arguments@1.1.1": {
        "integrity": "sha512-8Q7EARjzEnKpt/PCD7e1cgUS0a6X8u5tdSiMqXhojOdoV9TsMsiO+9VLC5vAmO8N7/GmXn7yjR8qnA6bVAEzfA==",
        "dependencies": {
          "call-bind": "call-bind@1.0.2",
          "has-tostringtag": "has-tostringtag@1.0.0"
        }
      },
      "is-array-buffer@3.0.1": {
        "integrity": "sha512-ASfLknmY8Xa2XtB4wmbz13Wu202baeA18cJBCeCy0wXUHZF0IPyVEXqKEcd+t2fNSLLL1vC6k7lxZEojNbISXQ==",
        "dependencies": {
          "call-bind": "call-bind@1.0.2",
          "get-intrinsic": "get-intrinsic@1.2.0",
          "is-typed-array": "is-typed-array@1.1.10"
        }
      },
      "is-bigint@1.0.4": {
        "integrity": "sha512-zB9CruMamjym81i2JZ3UMn54PKGsQzsJeo6xvN3HJJ4CAsQNB6iRutp2To77OfCNuoxspsIhzaPoO1zyCEhFOg==",
        "dependencies": {
          "has-bigints": "has-bigints@1.0.2"
        }
      },
      "is-boolean-object@1.1.2": {
        "integrity": "sha512-gDYaKHJmnj4aWxyj6YHyXVpdQawtVLHU5cb+eztPGczf6cjuTdwve5ZIEfgXqH4e57An1D1AKf8CZ3kYrQRqYA==",
        "dependencies": {
          "call-bind": "call-bind@1.0.2",
          "has-tostringtag": "has-tostringtag@1.0.0"
        }
      },
      "is-callable@1.2.7": {
        "integrity": "sha512-1BC0BVFhS/p0qtw6enp8e+8OD0UrK0oFLztSjNzhcKA3WDuJxxAPXzPuPtKkjEY9UUoEWlX/8fgKeu2S8i9JTA==",
        "dependencies": {}
      },
      "is-core-module@2.11.0": {
        "integrity": "sha512-RRjxlvLDkD1YJwDbroBHMb+cukurkDWNyHx7D3oNB5x9rb5ogcksMC5wHCadcXoo67gVr/+3GFySh3134zi6rw==",
        "dependencies": {
          "has": "has@1.0.3"
        }
      },
      "is-date-object@1.0.5": {
        "integrity": "sha512-9YQaSxsAiSwcvS33MBk3wTCVnWK+HhF8VZR2jRxehM16QcVOdHqPn4VPHmRK4lSr38n9JriurInLcP90xsYNfQ==",
        "dependencies": {
          "has-tostringtag": "has-tostringtag@1.0.0"
        }
      },
      "is-map@2.0.2": {
        "integrity": "sha512-cOZFQQozTha1f4MxLFzlgKYPTyj26picdZTx82hbc/Xf4K/tZOOXSCkMvU4pKioRXGDLJRn0GM7Upe7kR721yg==",
        "dependencies": {}
      },
      "is-negative-zero@2.0.2": {
        "integrity": "sha512-dqJvarLawXsFbNDeJW7zAz8ItJ9cd28YufuuFzh0G8pNHjJMnY08Dv7sYX2uF5UpQOwieAeOExEYAWWfu7ZZUA==",
        "dependencies": {}
      },
      "is-number-object@1.0.7": {
        "integrity": "sha512-k1U0IRzLMo7ZlYIfzRu23Oh6MiIFasgpb9X76eqfFZAqwH44UI4KTBvBYIZ1dSL9ZzChTB9ShHfLkR4pdW5krQ==",
        "dependencies": {
          "has-tostringtag": "has-tostringtag@1.0.0"
        }
      },
      "is-regex@1.1.4": {
        "integrity": "sha512-kvRdxDsxZjhzUX07ZnLydzS1TU/TJlTUHHY4YLL87e37oUA49DfkLqgy+VjFocowy29cKvcSiu+kIv728jTTVg==",
        "dependencies": {
          "call-bind": "call-bind@1.0.2",
          "has-tostringtag": "has-tostringtag@1.0.0"
        }
      },
      "is-set@2.0.2": {
        "integrity": "sha512-+2cnTEZeY5z/iXGbLhPrOAaK/Mau5k5eXq9j14CpRTftq0pAJu2MwVRSZhyZWBzx3o6X795Lz6Bpb6R0GKf37g==",
        "dependencies": {}
      },
      "is-shared-array-buffer@1.0.2": {
        "integrity": "sha512-sqN2UDu1/0y6uvXyStCOzyhAjCSlHceFoMKJW8W9EU9cvic/QdsZ0kEU93HEy3IUEFZIiH/3w+AH/UQbPHNdhA==",
        "dependencies": {
          "call-bind": "call-bind@1.0.2"
        }
      },
      "is-string@1.0.7": {
        "integrity": "sha512-tE2UXzivje6ofPW7l23cjDOMa09gb7xlAqG6jG5ej6uPV32TlWP3NKPigtaGeHNu9fohccRYvIiZMfOOnOYUtg==",
        "dependencies": {
          "has-tostringtag": "has-tostringtag@1.0.0"
        }
      },
      "is-symbol@1.0.4": {
        "integrity": "sha512-C/CPBqKWnvdcxqIARxyOh4v1UUEOCHpgDa0WYgpKDFMszcrPcffg5uhwSgPCLD2WWxmq6isisz87tzT01tuGhg==",
        "dependencies": {
          "has-symbols": "has-symbols@1.0.3"
        }
      },
      "is-typed-array@1.1.10": {
        "integrity": "sha512-PJqgEHiWZvMpaFZ3uTc8kHPM4+4ADTlDniuQL7cU/UDA0Ql7F70yGfHph3cLNe+c9toaigv+DFzTJKhc2CtO6A==",
        "dependencies": {
          "available-typed-arrays": "available-typed-arrays@1.0.5",
          "call-bind": "call-bind@1.0.2",
          "for-each": "for-each@0.3.3",
          "gopd": "gopd@1.0.1",
          "has-tostringtag": "has-tostringtag@1.0.0"
        }
      },
      "is-weakmap@2.0.1": {
        "integrity": "sha512-NSBR4kH5oVj1Uwvv970ruUkCV7O1mzgVFO4/rev2cLRda9Tm9HrL70ZPut4rOHgY0FNrUu9BCbXA2sdQ+x0chA==",
        "dependencies": {}
      },
      "is-weakref@1.0.2": {
        "integrity": "sha512-qctsuLZmIQ0+vSSMfoVvyFe2+GSEvnmZ2ezTup1SBse9+twCCeial6EEi3Nc2KFcf6+qz2FBPnjXsk8xhKSaPQ==",
        "dependencies": {
          "call-bind": "call-bind@1.0.2"
        }
      },
      "is-weakset@2.0.2": {
        "integrity": "sha512-t2yVvttHkQktwnNNmBQ98AhENLdPUTDTE21uPqAQ0ARwQfGeQKRVS0NNurH7bTf7RrvcVn1OOge45CnBeHCSmg==",
        "dependencies": {
          "call-bind": "call-bind@1.0.2",
          "get-intrinsic": "get-intrinsic@1.2.0"
        }
      },
      "isarray@2.0.5": {
        "integrity": "sha512-xHjhDr3cNBK0BzdUJSPXZntQUx/mwMS5Rw4A7lPJ90XGAO6ISP/ePDNuo0vhqOZU+UD5JoodwCAAoZQd3FeAKw==",
        "dependencies": {}
      },
      "minimatch@3.1.2": {
        "integrity": "sha512-J7p63hRiAjw1NDEww1W7i37+ByIrOWO5XQQAzZ3VOcL0PNybwpfmV/N05zFAzwQ9USyEcX6t3UO+K5aqBQOIHw==",
        "dependencies": {
          "brace-expansion": "brace-expansion@1.1.11"
        }
      },
      "minimist@1.2.7": {
        "integrity": "sha512-bzfL1YUZsP41gmu/qjrEk0Q6i2ix/cVeAhbCbqH9u3zYutS1cLg00qhrD0M2MVdCcx4Sc0UpP2eBWo9rotpq6g==",
        "dependencies": {}
      },
      "object-inspect@1.12.3": {
        "integrity": "sha512-geUvdk7c+eizMNUDkRpW1wJwgfOiOeHbxBR/hLXK1aT6zmVSO0jsQcs7fj6MGw89jC/cjGfLcNOrtMYtGqm81g==",
        "dependencies": {}
      },
      "object-is@1.1.5": {
        "integrity": "sha512-3cyDsyHgtmi7I7DfSSI2LDp6SK2lwvtbg0p0R1e0RvTqF5ceGx+K2dfSjm1bKDMVCFEDAQvy+o8c6a7VujOddw==",
        "dependencies": {
          "call-bind": "call-bind@1.0.2",
          "define-properties": "define-properties@1.1.4"
        }
      },
      "object-keys@1.1.1": {
        "integrity": "sha512-NuAESUOUMrlIXOfHKzD6bpPu3tYt3xvjNdRIQ+FeT0lNb4K8WR70CaDxhuNguS2XG+GjkyMwOzsN5ZktImfhLA==",
        "dependencies": {}
      },
      "object.assign@4.1.4": {
        "integrity": "sha512-1mxKf0e58bvyjSCtKYY4sRe9itRk3PJpquJOjeIkz885CczcI4IvJJDLPS72oowuSh+pBxUFROpX+TU++hxhZQ==",
        "dependencies": {
          "call-bind": "call-bind@1.0.2",
          "define-properties": "define-properties@1.1.4",
          "has-symbols": "has-symbols@1.0.3",
          "object-keys": "object-keys@1.1.1"
        }
      },
      "once@1.4.0": {
        "integrity": "sha512-lNaJgI+2Q5URQBkccEKHTQOPaXdUxnZZElQTZY0MFUAuaEqe1E+Nyvgdz/aIyNi6Z9MzO5dv1H8n58/GELp3+w==",
        "dependencies": {
          "wrappy": "wrappy@1.0.2"
        }
      },
      "path-is-absolute@1.0.1": {
        "integrity": "sha512-AVbw3UJ2e9bq64vSaS9Am0fje1Pa8pbGqTTsmXfaIiMpnr5DlDhfJOuLj9Sf95ZPVDAUerDfEk88MPmPe7UCQg==",
        "dependencies": {}
      },
      "path-parse@1.0.7": {
        "integrity": "sha512-LDJzPVEEEPR+y48z93A0Ed0yXb8pAByGWo/k5YYdYgpY2/2EsOsksJrq7lOHxryrVOn1ejG6oAp8ahvOIQD8sw==",
        "dependencies": {}
      },
      "prismjs@1.29.0": {
        "integrity": "sha512-Kx/1w86q/epKcmte75LNrEoT+lX8pBpavuAbvJWRXar7Hz8jrtF+e3vY751p0R8H9HdArwaCTNDDzHg/ScJK1Q==",
        "dependencies": {}
      },
      "regexp.prototype.flags@1.4.3": {
        "integrity": "sha512-fjggEOO3slI6Wvgjwflkc4NFRCTZAu5CnNfBd5qOMYhWdn67nJBBu34/TkD++eeFmd8C9r9jfXJ27+nSiRkSUA==",
        "dependencies": {
          "call-bind": "call-bind@1.0.2",
          "define-properties": "define-properties@1.1.4",
          "functions-have-names": "functions-have-names@1.2.3"
        }
      },
      "resolve@2.0.0-next.4": {
        "integrity": "sha512-iMDbmAWtfU+MHpxt/I5iWI7cY6YVEZUQ3MBgPQ++XD1PELuJHIl82xBmObyP2KyQmkNB2dsqF7seoQQiAn5yDQ==",
        "dependencies": {
          "is-core-module": "is-core-module@2.11.0",
          "path-parse": "path-parse@1.0.7",
          "supports-preserve-symlinks-flag": "supports-preserve-symlinks-flag@1.0.0"
        }
      },
      "resumer@0.0.0": {
        "integrity": "sha512-Fn9X8rX8yYF4m81rZCK/5VmrmsSbqS/i3rDLl6ZZHAXgC2nTAx3dhwG8q8odP/RmdLa2YrybDJaAMg+X1ajY3w==",
        "dependencies": {
          "through": "through@2.3.8"
        }
      },
      "safe-regex-test@1.0.0": {
        "integrity": "sha512-JBUUzyOgEwXQY1NuPtvcj/qcBDbDmEvWufhlnXZIm75DEHp+afM1r1ujJpJsV/gSM4t59tpDyPi1sd6ZaPFfsA==",
        "dependencies": {
          "call-bind": "call-bind@1.0.2",
          "get-intrinsic": "get-intrinsic@1.2.0",
          "is-regex": "is-regex@1.1.4"
        }
      },
      "side-channel@1.0.4": {
        "integrity": "sha512-q5XPytqFEIKHkGdiMIrY10mvLRvnQh42/+GoBlFW3b2LXLE2xxJpZFdm94we0BaoV3RwJyGqg5wS7epxTv0Zvw==",
        "dependencies": {
          "call-bind": "call-bind@1.0.2",
          "get-intrinsic": "get-intrinsic@1.2.0",
          "object-inspect": "object-inspect@1.12.3"
        }
      },
      "stop-iteration-iterator@1.0.0": {
        "integrity": "sha512-iCGQj+0l0HOdZ2AEeBADlsRC+vsnDsZsbdSiH1yNSjcfKM7fdpCMfqAL/dwF5BLiw/XhRft/Wax6zQbhq2BcjQ==",
        "dependencies": {
          "internal-slot": "internal-slot@1.0.4"
        }
      },
      "string.prototype.trim@1.2.7": {
        "integrity": "sha512-p6TmeT1T3411M8Cgg9wBTMRtY2q9+PNy9EV1i2lIXUN/btt763oIfxwN3RR8VU6wHX8j/1CFy0L+YuThm6bgOg==",
        "dependencies": {
          "call-bind": "call-bind@1.0.2",
          "define-properties": "define-properties@1.1.4",
          "es-abstract": "es-abstract@1.21.1"
        }
      },
      "string.prototype.trimend@1.0.6": {
        "integrity": "sha512-JySq+4mrPf9EsDBEDYMOb/lM7XQLulwg5R/m1r0PXEFqrV0qHvl58sdTilSXtKOflCsK2E8jxf+GKC0T07RWwQ==",
        "dependencies": {
          "call-bind": "call-bind@1.0.2",
          "define-properties": "define-properties@1.1.4",
          "es-abstract": "es-abstract@1.21.1"
        }
      },
      "string.prototype.trimstart@1.0.6": {
        "integrity": "sha512-omqjMDaY92pbn5HOX7f9IccLA+U1tA9GvtU4JrodiXFfYB7jPzzHpRzpglLAjtUV6bB557zwClJezTqnAiYnQA==",
        "dependencies": {
          "call-bind": "call-bind@1.0.2",
          "define-properties": "define-properties@1.1.4",
          "es-abstract": "es-abstract@1.21.1"
        }
      },
      "supports-preserve-symlinks-flag@1.0.0": {
        "integrity": "sha512-ot0WnXS9fgdkgIcePe6RHNk1WA8+muPa6cSjeR3V8K27q9BB1rTE3R1p7Hv0z1ZyAc8s6Vvv8DIyWf681MAt0w==",
        "dependencies": {}
      },
      "tape@5.6.3": {
        "integrity": "sha512-cUDDGSbyoSIpdUAqbqLI/r7i/S4BHuCB9M5j7E/LrLs/x/i4zeAJ798aqo+FGo+kr9seBZwr8AkZW6rjceyAMQ==",
        "dependencies": {
          "array.prototype.every": "array.prototype.every@1.1.4",
          "call-bind": "call-bind@1.0.2",
          "deep-equal": "deep-equal@2.2.0",
          "defined": "defined@1.0.1",
          "dotignore": "dotignore@0.1.2",
          "for-each": "for-each@0.3.3",
          "get-package-type": "get-package-type@0.1.0",
          "glob": "glob@7.2.3",
          "has": "has@1.0.3",
          "has-dynamic-import": "has-dynamic-import@2.0.1",
          "inherits": "inherits@2.0.4",
          "is-regex": "is-regex@1.1.4",
          "minimist": "minimist@1.2.7",
          "object-inspect": "object-inspect@1.12.3",
          "object-is": "object-is@1.1.5",
          "object-keys": "object-keys@1.1.1",
          "object.assign": "object.assign@4.1.4",
          "resolve": "resolve@2.0.0-next.4",
          "resumer": "resumer@0.0.0",
          "string.prototype.trim": "string.prototype.trim@1.2.7",
          "through": "through@2.3.8"
        }
      },
      "through@2.3.8": {
        "integrity": "sha512-w89qg7PI8wAdvX60bMDP+bFoD5Dvhm9oLheFp5O4a2QF0cSBGsBX4qZmadPMvVqlLJBBci+WqGGOAPvcDeNSVg==",
        "dependencies": {}
      },
      "typed-array-length@1.0.4": {
        "integrity": "sha512-KjZypGq+I/H7HI5HlOoGHkWUUGq+Q0TPhQurLbyrVrvnKTBgzLhIJ7j6J/XTQOi0d1RjyZ0wdas8bKs2p0x3Ng==",
        "dependencies": {
          "call-bind": "call-bind@1.0.2",
          "for-each": "for-each@0.3.3",
          "is-typed-array": "is-typed-array@1.1.10"
        }
      },
      "unbox-primitive@1.0.2": {
        "integrity": "sha512-61pPlCD9h51VoreyJ0BReideM3MDKMKnh6+V9L08331ipq6Q8OFXZYiqP6n/tbHx4s5I9uRhcye6BrbkizkBDw==",
        "dependencies": {
          "call-bind": "call-bind@1.0.2",
          "has-bigints": "has-bigints@1.0.2",
          "has-symbols": "has-symbols@1.0.3",
          "which-boxed-primitive": "which-boxed-primitive@1.0.2"
        }
      },
      "which-boxed-primitive@1.0.2": {
        "integrity": "sha512-bwZdv0AKLpplFY2KZRX6TvyuN7ojjr7lwkg6ml0roIy9YeuSr7JS372qlNW18UQYzgYK9ziGcerWqZOmEn9VNg==",
        "dependencies": {
          "is-bigint": "is-bigint@1.0.4",
          "is-boolean-object": "is-boolean-object@1.1.2",
          "is-number-object": "is-number-object@1.0.7",
          "is-string": "is-string@1.0.7",
          "is-symbol": "is-symbol@1.0.4"
        }
      },
      "which-collection@1.0.1": {
        "integrity": "sha512-W8xeTUwaln8i3K/cY1nGXzdnVZlidBcagyNFtBdD5kxnb4TvGKR7FfSIS3mYpwWS1QUCutfKz8IY8RjftB0+1A==",
        "dependencies": {
          "is-map": "is-map@2.0.2",
          "is-set": "is-set@2.0.2",
          "is-weakmap": "is-weakmap@2.0.1",
          "is-weakset": "is-weakset@2.0.2"
        }
      },
      "which-typed-array@1.1.9": {
        "integrity": "sha512-w9c4xkx6mPidwp7180ckYWfMmvxpjlZuIudNtDf4N/tTAUB8VJbX25qZoAsrtGuYNnGw3pa0AXgbGKRB8/EceA==",
        "dependencies": {
          "available-typed-arrays": "available-typed-arrays@1.0.5",
          "call-bind": "call-bind@1.0.2",
          "for-each": "for-each@0.3.3",
          "gopd": "gopd@1.0.1",
          "has-tostringtag": "has-tostringtag@1.0.0",
          "is-typed-array": "is-typed-array@1.1.10"
        }
      },
      "wrappy@1.0.2": {
        "integrity": "sha512-l4Sp/DRseor9wL6EvV2+TuQn63dMkPjZ/sp9XkghTEbV9KlPS1xUsZ3u7/IQO4wxtcFB4bgpQPRcR3QCvezPcQ==",
        "dependencies": {}
      }
    }
  }
}